// !$*UTF8*$!
{
	archiveVersion = 1;
	classes = {
	};
	objectVersion = 45;
	objects = {

/* Begin PBXBuildFile section */
		9ED392BF0FE5884B008A9D41 /* Mesh.cpp in Sources */ = {isa = PBXBuildFile; fileRef = 9ED392B90FE5884B008A9D41 /* Mesh.cpp */; };
		9ED392C00FE5884B008A9D41 /* Mesh.hpp in Headers */ = {isa = PBXBuildFile; fileRef = 9ED392BA0FE5884B008A9D41 /* Mesh.hpp */; };
		9ED392C10FE5884B008A9D41 /* MeshFactory.cpp in Sources */ = {isa = PBXBuildFile; fileRef = 9ED392BB0FE5884B008A9D41 /* MeshFactory.cpp */; };
		9ED392C20FE5884B008A9D41 /* MeshFactory.hpp in Headers */ = {isa = PBXBuildFile; fileRef = 9ED392BC0FE5884B008A9D41 /* MeshFactory.hpp */; };
		9ED392C30FE5884B008A9D41 /* ObjMeshFile.cpp in Sources */ = {isa = PBXBuildFile; fileRef = 9ED392BD0FE5884B008A9D41 /* ObjMeshFile.cpp */; };
		9ED392C40FE5884B008A9D41 /* ObjMeshFile.hpp in Headers */ = {isa = PBXBuildFile; fileRef = 9ED392BE0FE5884B008A9D41 /* ObjMeshFile.hpp */; };
		9EE615C50FE53437007B13F7 /* Vector.hpp in Headers */ = {isa = PBXBuildFile; fileRef = 9EE615C30FE53437007B13F7 /* Vector.hpp */; };
		9EE615FA0FE538ED007B13F7 /* StaticAssert.hpp in Headers */ = {isa = PBXBuildFile; fileRef = 9EE615F90FE538ED007B13F7 /* StaticAssert.hpp */; };
/* End PBXBuildFile section */

/* Begin PBXFileReference section */
		32BAE0B70371A74B00C91783 /* 3DZ_Prefix.pch */ = {isa = PBXFileReference; fileEncoding = 4; lastKnownFileType = sourcecode.c.h; path = 3DZ_Prefix.pch; sourceTree = "<group>"; };
		5073E0C609E734A800EC74B6 /* 3DZProj.xcconfig */ = {isa = PBXFileReference; fileEncoding = 30; lastKnownFileType = text.xcconfig; path = 3DZProj.xcconfig; sourceTree = "<group>"; };
		5073E0C709E734A800EC74B6 /* 3DZTarget.xcconfig */ = {isa = PBXFileReference; fileEncoding = 30; lastKnownFileType = text.xcconfig; path = 3DZTarget.xcconfig; sourceTree = "<group>"; };
		9ED392B90FE5884B008A9D41 /* Mesh.cpp */ = {isa = PBXFileReference; fileEncoding = 4; lastKnownFileType = sourcecode.cpp.cpp; path = Mesh.cpp; sourceTree = "<group>"; };
		9ED392BA0FE5884B008A9D41 /* Mesh.hpp */ = {isa = PBXFileReference; fileEncoding = 4; lastKnownFileType = sourcecode.cpp.h; path = Mesh.hpp; sourceTree = "<group>"; };
		9ED392BB0FE5884B008A9D41 /* MeshFactory.cpp */ = {isa = PBXFileReference; fileEncoding = 4; lastKnownFileType = sourcecode.cpp.cpp; path = MeshFactory.cpp; sourceTree = "<group>"; };
		9ED392BC0FE5884B008A9D41 /* MeshFactory.hpp */ = {isa = PBXFileReference; fileEncoding = 4; lastKnownFileType = sourcecode.cpp.h; path = MeshFactory.hpp; sourceTree = "<group>"; };
		9ED392BD0FE5884B008A9D41 /* ObjMeshFile.cpp */ = {isa = PBXFileReference; fileEncoding = 4; lastKnownFileType = sourcecode.cpp.cpp; path = ObjMeshFile.cpp; sourceTree = "<group>"; };
		9ED392BE0FE5884B008A9D41 /* ObjMeshFile.hpp */ = {isa = PBXFileReference; fileEncoding = 4; lastKnownFileType = sourcecode.cpp.h; path = ObjMeshFile.hpp; sourceTree = "<group>"; };
		9EE615C30FE53437007B13F7 /* Vector.hpp */ = {isa = PBXFileReference; fileEncoding = 4; lastKnownFileType = sourcecode.cpp.h; path = Vector.hpp; sourceTree = "<group>"; };
		9EE615F90FE538ED007B13F7 /* StaticAssert.hpp */ = {isa = PBXFileReference; fileEncoding = 4; lastKnownFileType = sourcecode.cpp.h; path = StaticAssert.hpp; sourceTree = "<group>"; };
		D2AAC09D05546B4700DB518D /* lib3DZ.dylib */ = {isa = PBXFileReference; explicitFileType = "compiled.mach-o.dylib"; includeInIndex = 0; path = lib3DZ.dylib; sourceTree = BUILT_PRODUCTS_DIR; };
/* End PBXFileReference section */

/* Begin PBXFrameworksBuildPhase section */
		D2AAC09B05546B4700DB518D /* Frameworks */ = {
			isa = PBXFrameworksBuildPhase;
			buildActionMask = 2147483647;
			files = (
			);
			runOnlyForDeploymentPostprocessing = 0;
		};
/* End PBXFrameworksBuildPhase section */

/* Begin PBXGroup section */
		034768DDFF38A45A11DB9C8B /* Products */ = {
			isa = PBXGroup;
			children = (
				D2AAC09D05546B4700DB518D /* lib3DZ.dylib */,
			);
			name = Products;
			sourceTree = "<group>";
		};
		0867D691FE84028FC02AAC07 /* 3DZ */ = {
			isa = PBXGroup;
			children = (
				5073E0CA09E734BC00EC74B6 /* Configuration Files */,
				08FB77ACFE841707C02AAC07 /* Source */,
				0867D69AFE84028FC02AAC07 /* External Frameworks and Libraries */,
				034768DDFF38A45A11DB9C8B /* Products */,
			);
			name = 3DZ;
			sourceTree = "<group>";
		};
		0867D69AFE84028FC02AAC07 /* External Frameworks and Libraries */ = {
			isa = PBXGroup;
			children = (
			);
			name = "External Frameworks and Libraries";
			sourceTree = "<group>";
		};
		08FB77ACFE841707C02AAC07 /* Source */ = {
			isa = PBXGroup;
			children = (
				9ED392B90FE5884B008A9D41 /* Mesh.cpp */,
				9ED392BA0FE5884B008A9D41 /* Mesh.hpp */,
				9ED392BB0FE5884B008A9D41 /* MeshFactory.cpp */,
				9ED392BC0FE5884B008A9D41 /* MeshFactory.hpp */,
				9ED392BD0FE5884B008A9D41 /* ObjMeshFile.cpp */,
				9ED392BE0FE5884B008A9D41 /* ObjMeshFile.hpp */,
				9EE615C30FE53437007B13F7 /* Vector.hpp */,
				32BAE0B70371A74B00C91783 /* 3DZ_Prefix.pch */,
				9EE615F90FE538ED007B13F7 /* StaticAssert.hpp */,
			);
			name = Source;
			sourceTree = "<group>";
		};
		5073E0CA09E734BC00EC74B6 /* Configuration Files */ = {
			isa = PBXGroup;
			children = (
				5073E0C609E734A800EC74B6 /* 3DZProj.xcconfig */,
				5073E0C709E734A800EC74B6 /* 3DZTarget.xcconfig */,
			);
			name = "Configuration Files";
			sourceTree = "<group>";
		};
/* End PBXGroup section */

/* Begin PBXHeadersBuildPhase section */
		D2AAC09905546B4700DB518D /* Headers */ = {
			isa = PBXHeadersBuildPhase;
			buildActionMask = 2147483647;
			files = (
				9EE615C50FE53437007B13F7 /* Vector.hpp in Headers */,
				9EE615FA0FE538ED007B13F7 /* StaticAssert.hpp in Headers */,
				9ED392C00FE5884B008A9D41 /* Mesh.hpp in Headers */,
				9ED392C20FE5884B008A9D41 /* MeshFactory.hpp in Headers */,
				9ED392C40FE5884B008A9D41 /* ObjMeshFile.hpp in Headers */,
			);
			runOnlyForDeploymentPostprocessing = 0;
		};
/* End PBXHeadersBuildPhase section */

/* Begin PBXNativeTarget section */
		D2AAC09C05546B4700DB518D /* 3DZ */ = {
			isa = PBXNativeTarget;
			buildConfigurationList = 1DEB916008733D950010E9CD /* Build configuration list for PBXNativeTarget "3DZ" */;
			buildPhases = (
				D2AAC09905546B4700DB518D /* Headers */,
				D2AAC09B05546B4700DB518D /* Frameworks */,
				D2AAC09A05546B4700DB518D /* Sources */,
			);
			buildRules = (
			);
			dependencies = (
			);
			name = 3DZ;
			productName = lib3DZ;
			productReference = D2AAC09D05546B4700DB518D /* lib3DZ.dylib */;
			productType = "com.apple.product-type.library.dynamic";
		};
/* End PBXNativeTarget section */

/* Begin PBXProject section */
		0867D690FE84028FC02AAC07 /* Project object */ = {
			isa = PBXProject;
			buildConfigurationList = 1DEB916408733D950010E9CD /* Build configuration list for PBXProject "3DZ" */;
			compatibilityVersion = "Xcode 3.1";
			hasScannedForEncodings = 1;
			mainGroup = 0867D691FE84028FC02AAC07 /* 3DZ */;
			productRefGroup = 034768DDFF38A45A11DB9C8B /* Products */;
			projectDirPath = "";
			projectRoot = "";
			targets = (
				D2AAC09C05546B4700DB518D /* 3DZ */,
			);
		};
/* End PBXProject section */

/* Begin PBXSourcesBuildPhase section */
		D2AAC09A05546B4700DB518D /* Sources */ = {
			isa = PBXSourcesBuildPhase;
			buildActionMask = 2147483647;
			files = (
				9ED392BF0FE5884B008A9D41 /* Mesh.cpp in Sources */,
				9ED392C10FE5884B008A9D41 /* MeshFactory.cpp in Sources */,
				9ED392C30FE5884B008A9D41 /* ObjMeshFile.cpp in Sources */,
			);
			runOnlyForDeploymentPostprocessing = 0;
		};
/* End PBXSourcesBuildPhase section */

/* Begin XCBuildConfiguration section */
		1DEB916108733D950010E9CD /* Debug */ = {
			isa = XCBuildConfiguration;
			baseConfigurationReference = 5073E0C709E734A800EC74B6 /* 3DZTarget.xcconfig */;
			buildSettings = {
				ALWAYS_SEARCH_USER_PATHS = NO;
				COPY_PHASE_STRIP = NO;
				GCC_DYNAMIC_NO_PIC = NO;
				GCC_ENABLE_FIX_AND_CONTINUE = YES;
				GCC_MODEL_TUNING = G5;
				GCC_OPTIMIZATION_LEVEL = 0;
				GCC_PRECOMPILE_PREFIX_HEADER = YES;
				GCC_PREFIX_HEADER = 3DZ_Prefix.pch;
				GCC_PREPROCESSOR_DEFINITIONS = (
					"_GLIBCXX_DEBUG=1",
					"_GLIBCXX_DEBUG_PEDANTIC=1",
				);
				HEADER_SEARCH_PATHS = "$(SRCROOT)/../";
				LD_DYLIB_INSTALL_NAME = "$(EXECUTABLE_PATH)";
				MACH_O_TYPE = staticlib;
			};
			name = Debug;
		};
		1DEB916208733D950010E9CD /* Release */ = {
			isa = XCBuildConfiguration;
			baseConfigurationReference = 5073E0C709E734A800EC74B6 /* 3DZTarget.xcconfig */;
			buildSettings = {
				ALWAYS_SEARCH_USER_PATHS = NO;
				DEBUG_INFORMATION_FORMAT = "dwarf-with-dsym";
				GCC_MODEL_TUNING = G5;
				GCC_PRECOMPILE_PREFIX_HEADER = YES;
				GCC_PREFIX_HEADER = 3DZ_Prefix.pch;
				STRIP_INSTALLED_PRODUCT = YES;
				STRIP_STYLE = "non-global";
			};
			name = Release;
		};
		1DEB916508733D950010E9CD /* Debug */ = {
			isa = XCBuildConfiguration;
			baseConfigurationReference = 5073E0C609E734A800EC74B6 /* 3DZProj.xcconfig */;
			buildSettings = {
				ARCHS = "$(ARCHS_STANDARD_32_64_BIT)";
				GCC_C_LANGUAGE_STANDARD = gnu99;
				GCC_OPTIMIZATION_LEVEL = 0;
				GCC_WARN_ABOUT_RETURN_TYPE = YES;
				GCC_WARN_UNUSED_VARIABLE = YES;
				HEADER_SEARCH_PATHS = "$(SRCROOT)";
				ONLY_ACTIVE_ARCH = YES;
				PREBINDING = NO;
				SDKROOT = macosx10.6;
			};
			name = Debug;
		};
		1DEB916608733D950010E9CD /* Release */ = {
			isa = XCBuildConfiguration;
			baseConfigurationReference = 5073E0C609E734A800EC74B6 /* 3DZProj.xcconfig */;
			buildSettings = {
				ARCHS = "$(ARCHS_STANDARD_32_64_BIT)";
				GCC_C_LANGUAGE_STANDARD = gnu99;
				GCC_WARN_ABOUT_RETURN_TYPE = YES;
				GCC_WARN_UNUSED_VARIABLE = YES;
				PREBINDING = NO;
				SDKROOT = macosx10.6;
			};
			name = Release;
		};
/* End XCBuildConfiguration section */

/* Begin XCConfigurationList section */
		1DEB916008733D950010E9CD /* Build configuration list for PBXNativeTarget "3DZ" */ = {
			isa = XCConfigurationList;
			buildConfigurations = (
				1DEB916108733D950010E9CD /* Debug */,
				1DEB916208733D950010E9CD /* Release */,
			);
			defaultConfigurationIsVisible = 0;
			defaultConfigurationName = Release;
		};
		1DEB916408733D950010E9CD /* Build configuration list for PBXProject "3DZ" */ = {
			isa = XCConfigurationList;
			buildConfigurations = (
				1DEB916508733D950010E9CD /* Debug */,
				1DEB916608733D950010E9CD /* Release */,
			);
			defaultConfigurationIsVisible = 0;
			defaultConfigurationName = Release;
		};
/* End XCConfigurationList section */
	};
	rootObject = 0867D690FE84028FC02AAC07 /* Project object */;
}
