// !$*UTF8*$!
{
	archiveVersion = 1;
	classes = {
	};
	objectVersion = 45;
	objects = {

/* Begin PBXBuildFile section */
		9E43C7420FE6C49E00F92DCB /* Model.hpp in Headers */ = {isa = PBXBuildFile; fileRef = 9E43C7400FE6C49E00F92DCB /* Model.hpp */; };
		9E43C7430FE6C49E00F92DCB /* Model.cpp in Sources */ = {isa = PBXBuildFile; fileRef = 9E43C7410FE6C49E00F92DCB /* Model.cpp */; };
		9E43C7480FE6C54E00F92DCB /* ModelFactory.cpp in Sources */ = {isa = PBXBuildFile; fileRef = 9E43C7440FE6C54E00F92DCB /* ModelFactory.cpp */; };
		9E43C7490FE6C54E00F92DCB /* ModelFactory.hpp in Headers */ = {isa = PBXBuildFile; fileRef = 9E43C7450FE6C54E00F92DCB /* ModelFactory.hpp */; };
		9E43C74A0FE6C54E00F92DCB /* ObjModelFile.cpp in Sources */ = {isa = PBXBuildFile; fileRef = 9E43C7460FE6C54E00F92DCB /* ObjModelFile.cpp */; };
		9E43C74B0FE6C54E00F92DCB /* ObjModelFile.hpp in Headers */ = {isa = PBXBuildFile; fileRef = 9E43C7470FE6C54E00F92DCB /* ObjModelFile.hpp */; };
		9ED392BF0FE5884B008A9D41 /* Mesh.cpp in Sources */ = {isa = PBXBuildFile; fileRef = 9ED392B90FE5884B008A9D41 /* Mesh.cpp */; };
		9ED392C00FE5884B008A9D41 /* Mesh.hpp in Headers */ = {isa = PBXBuildFile; fileRef = 9ED392BA0FE5884B008A9D41 /* Mesh.hpp */; };
		9ED393320FE58C88008A9D41 /* FaceIterator.hpp in Headers */ = {isa = PBXBuildFile; fileRef = 9ED393300FE58C88008A9D41 /* FaceIterator.hpp */; };
		9ED393330FE58C88008A9D41 /* FaceIterator.cpp in Sources */ = {isa = PBXBuildFile; fileRef = 9ED393310FE58C88008A9D41 /* FaceIterator.cpp */; };
		9ED393700FE59681008A9D41 /* StringUtils.hpp in Headers */ = {isa = PBXBuildFile; fileRef = 9ED3936E0FE59681008A9D41 /* StringUtils.hpp */; };
		9ED393710FE59681008A9D41 /* StringUtils.cpp in Sources */ = {isa = PBXBuildFile; fileRef = 9ED3936F0FE59681008A9D41 /* StringUtils.cpp */; };
		9EDFE51A10038076006FB975 /* Quaternion.hpp in Headers */ = {isa = PBXBuildFile; fileRef = 9EDFE51910038076006FB975 /* Quaternion.hpp */; };
		9EE16B760FF7C6CE00AC4947 /* Matrix.hpp in Headers */ = {isa = PBXBuildFile; fileRef = 9EE16B740FF7C6CE00AC4947 /* Matrix.hpp */; };
		9EE16DEE0FFBEC8C00AC4947 /* SmartPointer.hpp in Headers */ = {isa = PBXBuildFile; fileRef = 9EE16DED0FFBEC8C00AC4947 /* SmartPointer.hpp */; };
		9EE615C50FE53437007B13F7 /* Vector.hpp in Headers */ = {isa = PBXBuildFile; fileRef = 9EE615C30FE53437007B13F7 /* Vector.hpp */; };
		9EE615FA0FE538ED007B13F7 /* StaticAssert.hpp in Headers */ = {isa = PBXBuildFile; fileRef = 9EE615F90FE538ED007B13F7 /* StaticAssert.hpp */; };
/* End PBXBuildFile section */

/* Begin PBXFileReference section */
		32BAE0B70371A74B00C91783 /* 3DZ_Prefix.pch */ = {isa = PBXFileReference; fileEncoding = 4; lastKnownFileType = sourcecode.c.h; path = 3DZ_Prefix.pch; sourceTree = "<group>"; };
		5073E0C609E734A800EC74B6 /* 3DZProj.xcconfig */ = {isa = PBXFileReference; fileEncoding = 30; lastKnownFileType = text.xcconfig; path = 3DZProj.xcconfig; sourceTree = "<group>"; };
		5073E0C709E734A800EC74B6 /* 3DZTarget.xcconfig */ = {isa = PBXFileReference; fileEncoding = 30; lastKnownFileType = text.xcconfig; path = 3DZTarget.xcconfig; sourceTree = "<group>"; };
		9E43C7400FE6C49E00F92DCB /* Model.hpp */ = {isa = PBXFileReference; fileEncoding = 4; lastKnownFileType = sourcecode.cpp.h; path = Model.hpp; sourceTree = "<group>"; };
		9E43C7410FE6C49E00F92DCB /* Model.cpp */ = {isa = PBXFileReference; fileEncoding = 4; lastKnownFileType = sourcecode.cpp.cpp; path = Model.cpp; sourceTree = "<group>"; };
		9E43C7440FE6C54E00F92DCB /* ModelFactory.cpp */ = {isa = PBXFileReference; fileEncoding = 4; lastKnownFileType = sourcecode.cpp.cpp; path = ModelFactory.cpp; sourceTree = "<group>"; };
		9E43C7450FE6C54E00F92DCB /* ModelFactory.hpp */ = {isa = PBXFileReference; fileEncoding = 4; lastKnownFileType = sourcecode.cpp.h; path = ModelFactory.hpp; sourceTree = "<group>"; };
		9E43C7460FE6C54E00F92DCB /* ObjModelFile.cpp */ = {isa = PBXFileReference; fileEncoding = 4; lastKnownFileType = sourcecode.cpp.cpp; path = ObjModelFile.cpp; sourceTree = "<group>"; };
		9E43C7470FE6C54E00F92DCB /* ObjModelFile.hpp */ = {isa = PBXFileReference; fileEncoding = 4; lastKnownFileType = sourcecode.cpp.h; path = ObjModelFile.hpp; sourceTree = "<group>"; };
		9ED392B90FE5884B008A9D41 /* Mesh.cpp */ = {isa = PBXFileReference; fileEncoding = 4; lastKnownFileType = sourcecode.cpp.cpp; path = Mesh.cpp; sourceTree = "<group>"; };
		9ED392BA0FE5884B008A9D41 /* Mesh.hpp */ = {isa = PBXFileReference; fileEncoding = 4; lastKnownFileType = sourcecode.cpp.h; path = Mesh.hpp; sourceTree = "<group>"; };
		9ED393300FE58C88008A9D41 /* FaceIterator.hpp */ = {isa = PBXFileReference; fileEncoding = 4; lastKnownFileType = sourcecode.cpp.h; path = FaceIterator.hpp; sourceTree = "<group>"; };
		9ED393310FE58C88008A9D41 /* FaceIterator.cpp */ = {isa = PBXFileReference; fileEncoding = 4; lastKnownFileType = sourcecode.cpp.cpp; path = FaceIterator.cpp; sourceTree = "<group>"; };
		9ED3936E0FE59681008A9D41 /* StringUtils.hpp */ = {isa = PBXFileReference; fileEncoding = 4; lastKnownFileType = sourcecode.cpp.h; path = StringUtils.hpp; sourceTree = "<group>"; };
		9ED3936F0FE59681008A9D41 /* StringUtils.cpp */ = {isa = PBXFileReference; fileEncoding = 4; lastKnownFileType = sourcecode.cpp.cpp; path = StringUtils.cpp; sourceTree = "<group>"; };
		9EDFE51910038076006FB975 /* Quaternion.hpp */ = {isa = PBXFileReference; fileEncoding = 4; lastKnownFileType = sourcecode.cpp.h; path = Quaternion.hpp; sourceTree = "<group>"; };
		9EE16B740FF7C6CE00AC4947 /* Matrix.hpp */ = {isa = PBXFileReference; fileEncoding = 4; lastKnownFileType = sourcecode.cpp.h; path = Matrix.hpp; sourceTree = "<group>"; };
		9EE16DED0FFBEC8C00AC4947 /* SmartPointer.hpp */ = {isa = PBXFileReference; fileEncoding = 4; lastKnownFileType = sourcecode.cpp.h; path = SmartPointer.hpp; sourceTree = "<group>"; };
		9EE615C30FE53437007B13F7 /* Vector.hpp */ = {isa = PBXFileReference; fileEncoding = 4; lastKnownFileType = sourcecode.cpp.h; path = Vector.hpp; sourceTree = "<group>"; };
		9EE615F90FE538ED007B13F7 /* StaticAssert.hpp */ = {isa = PBXFileReference; fileEncoding = 4; lastKnownFileType = sourcecode.cpp.h; path = StaticAssert.hpp; sourceTree = "<group>"; };
		D2AAC09D05546B4700DB518D /* lib3DZ.a */ = {isa = PBXFileReference; explicitFileType = "compiled.mach-o.dylib"; includeInIndex = 0; path = lib3DZ.a; sourceTree = BUILT_PRODUCTS_DIR; };
/* End PBXFileReference section */

/* Begin PBXFrameworksBuildPhase section */
		D2AAC09B05546B4700DB518D /* Frameworks */ = {
			isa = PBXFrameworksBuildPhase;
			buildActionMask = 2147483647;
			files = (
			);
			runOnlyForDeploymentPostprocessing = 0;
		};
/* End PBXFrameworksBuildPhase section */

/* Begin PBXGroup section */
		034768DDFF38A45A11DB9C8B /* Products */ = {
			isa = PBXGroup;
			children = (
				D2AAC09D05546B4700DB518D /* lib3DZ.a */,
			);
			name = Products;
			sourceTree = "<group>";
		};
		0867D691FE84028FC02AAC07 /* 3DZ */ = {
			isa = PBXGroup;
			children = (
				5073E0CA09E734BC00EC74B6 /* Configuration Files */,
				08FB77ACFE841707C02AAC07 /* Source */,
				0867D69AFE84028FC02AAC07 /* External Frameworks and Libraries */,
				034768DDFF38A45A11DB9C8B /* Products */,
			);
			name = 3DZ;
			sourceTree = "<group>";
		};
		0867D69AFE84028FC02AAC07 /* External Frameworks and Libraries */ = {
			isa = PBXGroup;
			children = (
			);
			name = "External Frameworks and Libraries";
			sourceTree = "<group>";
		};
		08FB77ACFE841707C02AAC07 /* Source */ = {
			isa = PBXGroup;
			children = (
				9E43C7440FE6C54E00F92DCB /* ModelFactory.cpp */,
				9E43C7450FE6C54E00F92DCB /* ModelFactory.hpp */,
				9E43C7460FE6C54E00F92DCB /* ObjModelFile.cpp */,
				9E43C7470FE6C54E00F92DCB /* ObjModelFile.hpp */,
				9ED392B90FE5884B008A9D41 /* Mesh.cpp */,
				9ED392BA0FE5884B008A9D41 /* Mesh.hpp */,
				9EE615C30FE53437007B13F7 /* Vector.hpp */,
				32BAE0B70371A74B00C91783 /* 3DZ_Prefix.pch */,
				9EE615F90FE538ED007B13F7 /* StaticAssert.hpp */,
				9ED393300FE58C88008A9D41 /* FaceIterator.hpp */,
				9ED393310FE58C88008A9D41 /* FaceIterator.cpp */,
				9ED3936E0FE59681008A9D41 /* StringUtils.hpp */,
				9ED3936F0FE59681008A9D41 /* StringUtils.cpp */,
				9E43C7400FE6C49E00F92DCB /* Model.hpp */,
				9E43C7410FE6C49E00F92DCB /* Model.cpp */,
				9EE16B740FF7C6CE00AC4947 /* Matrix.hpp */,
				9EE16DED0FFBEC8C00AC4947 /* SmartPointer.hpp */,
				9EDFE51910038076006FB975 /* Quaternion.hpp */,
			);
			name = Source;
			sourceTree = "<group>";
		};
		5073E0CA09E734BC00EC74B6 /* Configuration Files */ = {
			isa = PBXGroup;
			children = (
				5073E0C609E734A800EC74B6 /* 3DZProj.xcconfig */,
				5073E0C709E734A800EC74B6 /* 3DZTarget.xcconfig */,
			);
			name = "Configuration Files";
			sourceTree = "<group>";
		};
/* End PBXGroup section */

/* Begin PBXHeadersBuildPhase section */
		D2AAC09905546B4700DB518D /* Headers */ = {
			isa = PBXHeadersBuildPhase;
			buildActionMask = 2147483647;
			files = (
				9EE615C50FE53437007B13F7 /* Vector.hpp in Headers */,
				9EE615FA0FE538ED007B13F7 /* StaticAssert.hpp in Headers */,
				9ED392C00FE5884B008A9D41 /* Mesh.hpp in Headers */,
				9ED393320FE58C88008A9D41 /* FaceIterator.hpp in Headers */,
				9ED393700FE59681008A9D41 /* StringUtils.hpp in Headers */,
				9E43C7420FE6C49E00F92DCB /* Model.hpp in Headers */,
				9E43C7490FE6C54E00F92DCB /* ModelFactory.hpp in Headers */,
				9E43C74B0FE6C54E00F92DCB /* ObjModelFile.hpp in Headers */,
				9EE16B760FF7C6CE00AC4947 /* Matrix.hpp in Headers */,
				9EE16DEE0FFBEC8C00AC4947 /* SmartPointer.hpp in Headers */,
				9EDFE51A10038076006FB975 /* Quaternion.hpp in Headers */,
			);
			runOnlyForDeploymentPostprocessing = 0;
		};
/* End PBXHeadersBuildPhase section */

/* Begin PBXNativeTarget section */
		D2AAC09C05546B4700DB518D /* 3DZ */ = {
			isa = PBXNativeTarget;
			buildConfigurationList = 1DEB916008733D950010E9CD /* Build configuration list for PBXNativeTarget "3DZ" */;
			buildPhases = (
				D2AAC09905546B4700DB518D /* Headers */,
				D2AAC09B05546B4700DB518D /* Frameworks */,
				D2AAC09A05546B4700DB518D /* Sources */,
			);
			buildRules = (
			);
			dependencies = (
			);
			name = 3DZ;
			productName = lib3DZ;
			productReference = D2AAC09D05546B4700DB518D /* lib3DZ.a */;
			productType = "com.apple.product-type.library.dynamic";
		};
/* End PBXNativeTarget section */

/* Begin PBXProject section */
		0867D690FE84028FC02AAC07 /* Project object */ = {
			isa = PBXProject;
			buildConfigurationList = 1DEB916408733D950010E9CD /* Build configuration list for PBXProject "3DZ" */;
			compatibilityVersion = "Xcode 3.1";
			hasScannedForEncodings = 1;
			mainGroup = 0867D691FE84028FC02AAC07 /* 3DZ */;
			productRefGroup = 034768DDFF38A45A11DB9C8B /* Products */;
			projectDirPath = "";
			projectRoot = "";
			targets = (
				D2AAC09C05546B4700DB518D /* 3DZ */,
			);
		};
/* End PBXProject section */

/* Begin PBXSourcesBuildPhase section */
		D2AAC09A05546B4700DB518D /* Sources */ = {
			isa = PBXSourcesBuildPhase;
			buildActionMask = 2147483647;
			files = (
				9ED392BF0FE5884B008A9D41 /* Mesh.cpp in Sources */,
				9ED393330FE58C88008A9D41 /* FaceIterator.cpp in Sources */,
				9ED393710FE59681008A9D41 /* StringUtils.cpp in Sources */,
				9E43C7430FE6C49E00F92DCB /* Model.cpp in Sources */,
				9E43C7480FE6C54E00F92DCB /* ModelFactory.cpp in Sources */,
				9E43C74A0FE6C54E00F92DCB /* ObjModelFile.cpp in Sources */,
			);
			runOnlyForDeploymentPostprocessing = 0;
		};
/* End PBXSourcesBuildPhase section */

/* Begin XCBuildConfiguration section */
		1DEB916108733D950010E9CD /* Debug */ = {
			isa = XCBuildConfiguration;
			baseConfigurationReference = 5073E0C709E734A800EC74B6 /* 3DZTarget.xcconfig */;
			buildSettings = {
				ALWAYS_SEARCH_USER_PATHS = NO;
				COPY_PHASE_STRIP = NO;
				EXECUTABLE_EXTENSION = a;
				GCC_DYNAMIC_NO_PIC = NO;
				GCC_ENABLE_FIX_AND_CONTINUE = YES;
				GCC_MODEL_TUNING = G5;
				GCC_OPTIMIZATION_LEVEL = 0;
				GCC_PRECOMPILE_PREFIX_HEADER = YES;
				GCC_PREFIX_HEADER = 3DZ_Prefix.pch;
				GCC_PREPROCESSOR_DEFINITIONS = "";
				GCC_SYMBOLS_PRIVATE_EXTERN = YES;
				GCC_VERSION = "";
				GCC_WARN_EFFECTIVE_CPLUSPLUS_VIOLATIONS = NO;
				HEADER_SEARCH_PATHS = "$(SRCROOT)/../";
				LD_DYLIB_INSTALL_NAME = "$(EXECUTABLE_PATH)";
				MACH_O_TYPE = staticlib;
				SKIP_INSTALL = YES;
			};
			name = Debug;
		};
		1DEB916208733D950010E9CD /* Release */ = {
			isa = XCBuildConfiguration;
			baseConfigurationReference = 5073E0C709E734A800EC74B6 /* 3DZTarget.xcconfig */;
			buildSettings = {
				ALWAYS_SEARCH_USER_PATHS = NO;
				DEBUG_INFORMATION_FORMAT = "dwarf-with-dsym";
				GCC_MODEL_TUNING = G5;
				GCC_PRECOMPILE_PREFIX_HEADER = YES;
				GCC_PREFIX_HEADER = 3DZ_Prefix.pch;
				STRIP_INSTALLED_PRODUCT = YES;
				STRIP_STYLE = "non-global";
			};
			name = Release;
		};
		1DEB916508733D950010E9CD /* Debug */ = {
			isa = XCBuildConfiguration;
			baseConfigurationReference = 5073E0C609E734A800EC74B6 /* 3DZProj.xcconfig */;
			buildSettings = {
				ARCHS = "$(ARCHS_STANDARD_32_64_BIT)";
				GCC_C_LANGUAGE_STANDARD = gnu99;
				GCC_OPTIMIZATION_LEVEL = 0;
				GCC_VERSION = "";
				GCC_WARN_ABOUT_RETURN_TYPE = YES;
				GCC_WARN_UNUSED_VARIABLE = YES;
				HEADER_SEARCH_PATHS = "$(SRCROOT)";
				ONLY_ACTIVE_ARCH = YES;
				PREBINDING = NO;
				SDKROOT = "";
			};
			name = Debug;
		};
		1DEB916608733D950010E9CD /* Release */ = {
			isa = XCBuildConfiguration;
			baseConfigurationReference = 5073E0C609E734A800EC74B6 /* 3DZProj.xcconfig */;
			buildSettings = {
				ARCHS = "$(ARCHS_STANDARD_32_64_BIT)";
				GCC_C_LANGUAGE_STANDARD = gnu99;
				GCC_WARN_ABOUT_RETURN_TYPE = YES;
				GCC_WARN_UNUSED_VARIABLE = YES;
				PREBINDING = NO;
				SDKROOT = macosx10.6;
			};
			name = Release;
		};
/* End XCBuildConfiguration section */

/* Begin XCConfigurationList section */
		1DEB916008733D950010E9CD /* Build configuration list for PBXNativeTarget "3DZ" */ = {
			isa = XCConfigurationList;
			buildConfigurations = (
				1DEB916108733D950010E9CD /* Debug */,
				1DEB916208733D950010E9CD /* Release */,
			);
			defaultConfigurationIsVisible = 0;
			defaultConfigurationName = Release;
		};
		1DEB916408733D950010E9CD /* Build configuration list for PBXProject "3DZ" */ = {
			isa = XCConfigurationList;
			buildConfigurations = (
				1DEB916508733D950010E9CD /* Debug */,
				1DEB916608733D950010E9CD /* Release */,
			);
			defaultConfigurationIsVisible = 0;
			defaultConfigurationName = Release;
		};
/* End XCConfigurationList section */
	};
	rootObject = 0867D690FE84028FC02AAC07 /* Project object */;
}
